
Microsoft Visual Studio Solution File, Format Version 12.00
# Visual Studio Version 16
VisualStudioVersion = 16.0.30413.136
MinimumVisualStudioVersion = 10.0.40219.1
Project("{FAE04EC0-301F-11D3-BF4B-00C04F79EFBC}") = "GITHUB", "GITHUB\GITHUB.csproj", "{4F95BB14-6A8C-4ADB-80C0-F775A0626314}"
EndProject
Global
	GlobalSection(SolutionConfigurationPlatforms) = preSolution
		Debug|Any CPU = Debug|Any CPU
		Release|Any CPU = Release|Any CPU
	EndGlobalSection
	GlobalSection(ProjectConfigurationPlatforms) = postSolution
		{4F95BB14-6A8C-4ADB-80C0-F775A0626314}.Debug|Any CPU.ActiveCfg = Debug|Any CPU
		{4F95BB14-6A8C-4ADB-80C0-F775A0626314}.Debug|Any CPU.Build.0 = Debug|Any CPU
		{4F95BB14-6A8C-4ADB-80C0-F775A0626314}.Release|Any CPU.ActiveCfg = Release|Any CPU
		{4F95BB14-6A8C-4ADB-80C0-F775A0626314}.Release|Any CPU.Build.0 = Release|Any CPU
	EndGlobalSection
	GlobalSection(SolutionProperties) = preSolution
		HideSolutionNode = FALSE
	EndGlobalSection
	GlobalSection(ExtensibilityGlobals) = postSolution
		SolutionGuid = {C43DB775-F85F-4BBA-975E-9F6687521C24}
	EndGlobalSection
EndGlobal
