
Microsoft Visual Studio Solution File, Format Version 12.00
# Visual Studio Version 16
VisualStudioVersion = 16.0.30309.148
MinimumVisualStudioVersion = 10.0.40219.1
Project("{FAE04EC0-301F-11D3-BF4B-00C04F79EFBC}") = "2Dgame", "2Dgame.csproj", "{670D49C0-7ED5-44C0-A409-29C07E507819}"
EndProject
Global
	GlobalSection(SolutionConfigurationPlatforms) = preSolution
		Debug|Any CPU = Debug|Any CPU
		Release|Any CPU = Release|Any CPU
	EndGlobalSection
	GlobalSection(ProjectConfigurationPlatforms) = postSolution
		{670D49C0-7ED5-44C0-A409-29C07E507819}.Debug|Any CPU.ActiveCfg = Debug|Any CPU
		{670D49C0-7ED5-44C0-A409-29C07E507819}.Debug|Any CPU.Build.0 = Debug|Any CPU
		{670D49C0-7ED5-44C0-A409-29C07E507819}.Release|Any CPU.ActiveCfg = Release|Any CPU
		{670D49C0-7ED5-44C0-A409-29C07E507819}.Release|Any CPU.Build.0 = Release|Any CPU
	EndGlobalSection
	GlobalSection(SolutionProperties) = preSolution
		HideSolutionNode = FALSE
	EndGlobalSection
	GlobalSection(ExtensibilityGlobals) = postSolution
		SolutionGuid = {935E7E29-BB17-4740-B999-7CE0CC8A7B70}
	EndGlobalSection
EndGlobal
